
Microsoft Visual Studio Solution File, Format Version 12.00
# Visual Studio Version 17
VisualStudioVersion = 17.13.35818.85 d17.13
MinimumVisualStudioVersion = 10.0.40219.1
Project("{FAE04EC0-301F-11D3-BF4B-00C04F79EFBC}") = "macaroni-dev", "macaroni-dev.csproj", "{AE09D640-8B6E-1B62-90F7-1EE2024DB155}"
EndProject
Global
	GlobalSection(SolutionConfigurationPlatforms) = preSolution
		Debug|Any CPU = Debug|Any CPU
		Release|Any CPU = Release|Any CPU
	EndGlobalSection
	GlobalSection(ProjectConfigurationPlatforms) = postSolution
		{AE09D640-8B6E-1B62-90F7-1EE2024DB155}.Debug|Any CPU.ActiveCfg = Debug|Any CPU
		{AE09D640-8B6E-1B62-90F7-1EE2024DB155}.Debug|Any CPU.Build.0 = Debug|Any CPU
		{AE09D640-8B6E-1B62-90F7-1EE2024DB155}.Release|Any CPU.ActiveCfg = Release|Any CPU
		{AE09D640-8B6E-1B62-90F7-1EE2024DB155}.Release|Any CPU.Build.0 = Release|Any CPU
	EndGlobalSection
	GlobalSection(SolutionProperties) = preSolution
		HideSolutionNode = FALSE
	EndGlobalSection
	GlobalSection(ExtensibilityGlobals) = postSolution
		SolutionGuid = {90884C5F-F9BA-44D5-AB8C-D81A6475F843}
	EndGlobalSection
EndGlobal
